
Microsoft Visual Studio Solution File, Format Version 12.00
# Visual Studio 14
VisualStudioVersion = 14.0.25420.1
MinimumVisualStudioVersion = 10.0.40219.1
Project("{2150E333-8FDC-42A3-9474-1A3956D46DE8}") = "src", "src", "{2036CB77-B945-4EA9-A172-7B70EE2EDBC1}"
EndProject
Project("{2150E333-8FDC-42A3-9474-1A3956D46DE8}") = "Solution Items", "Solution Items", "{289C9102-E4C6-45CB-9C1C-EE5F8AEC9BF3}"
	ProjectSection(SolutionItems) = preProject
		global.json = global.json
	EndProjectSection
EndProject
Project("{8BB2217D-0F2D-49D1-97BC-3654ED321F3B}") = "WebApplicationFaceBook13", "src\WebApplicationFaceBook\WebApplicationFaceBook13.xproj", "{B32ABC0C-2F3E-4436-97A3-D6E49A9748DF}"
EndProject
Project("{8BB2217D-0F2D-49D1-97BC-3654ED321F3B}") = "WebApplicationMVCCore14", "src\WebApplicationMVCCore\WebApplicationMVCCore14.xproj", "{0EA420CA-CD9B-4208-919A-7F242799EA38}"
EndProject
Project("{8BB2217D-0F2D-49D1-97BC-3654ED321F3B}") = "WebApplicationDebug15", "src\WebApplicationDebug15\WebApplicationDebug15.xproj", "{3A4C66BB-F420-4140-A8F0-2A3C2323EDC8}"
EndProject
Project("{FAE04EC0-301F-11D3-BF4B-00C04F79EFBC}") = "MGX.Web.Common", "MGX.Web.Common\MGX.Web.Common.csproj", "{39E0079D-62FE-400F-9C4F-FABE56B3299D}"
EndProject
Project("{8BB2217D-0F2D-49D1-97BC-3654ED321F3B}") = "WebApplicationMVCCore注入16", "src\WebApplicationMVCCore注入16\WebApplicationMVCCore注入16.xproj", "{429B11FD-7EAE-4CF3-B76E-E42663392730}"
EndProject
Project("{8BB2217D-0F2D-49D1-97BC-3654ED321F3B}") = "ClassLibrary18", "src\ClassLibrary18\ClassLibrary18.xproj", "{97DAC113-8EBB-4917-BA0F-205B896D29D1}"
EndProject
Project("{8BB2217D-0F2D-49D1-97BC-3654ED321F3B}") = "ConsoleApp18", "src\ConsoleApp18\ConsoleApp18.xproj", "{04E47409-54B2-44E9-B838-74D05CD1A215}"
EndProject
Project("{8BB2217D-0F2D-49D1-97BC-3654ED321F3B}") = "WebApplication019Tager", "src\WebApplication019Tager\WebApplication019Tager.xproj", "{E4E33BD3-8179-4B0D-BFF2-0BEE27274F90}"
EndProject
Project("{8BB2217D-0F2D-49D1-97BC-3654ED321F3B}") = "WebApplication019tagerempty", "src\WebApplication019tagerempty\WebApplication019tagerempty.xproj", "{2C1F421F-FE51-4DE4-A2FA-63FB6A40EBEB}"
EndProject
Project("{8BB2217D-0F2D-49D1-97BC-3654ED321F3B}") = "ConsoleApp20读配置文件", "src\ConsoleApp1\ConsoleApp20读配置文件.xproj", "{A187FE93-9C4A-4ED9-9E47-C3059DDE7385}"
EndProject
Project("{8BB2217D-0F2D-49D1-97BC-3654ED321F3B}") = "WebApplicationwithidenty", "src\WebApplicationwithidenty\WebApplicationwithidenty.xproj", "{59030E79-05CD-4358-9356-E3E57CB9EEC8}"
EndProject
Project("{8BB2217D-0F2D-49D1-97BC-3654ED321F3B}") = "WebApplicationno", "src\WebApplicationno\WebApplicationno.xproj", "{3D2033A4-4F0E-4E0C-8408-B74ABAB1FB93}"
EndProject
Project("{8BB2217D-0F2D-49D1-97BC-3654ED321F3B}") = "ConsoleAppno", "src\ConsoleAppno\ConsoleAppno.xproj", "{21BCA994-3B86-4F3A-9832-3FE8B73F8300}"
EndProject
Project("{8BB2217D-0F2D-49D1-97BC-3654ED321F3B}") = "LyCommon", "src\LyCommon\LyCommon.xproj", "{70A0706D-7B4A-46E9-BF63-6A9CC50641A4}"
EndProject
Project("{FAE04EC0-301F-11D3-BF4B-00C04F79EFBC}") = "WebApplicationMVC", "WebApplicationMVC\WebApplicationMVC.csproj", "{E8B9C466-BF41-4944-BB19-F424F849CF5D}"
EndProject
Project("{8BB2217D-0F2D-49D1-97BC-3654ED321F3B}") = "WebApplicationApi", "src\WebApplicationApi\WebApplicationApi.xproj", "{4DFC628C-3104-4AF6-8303-84C2C8300193}"
EndProject
Project("{FAE04EC0-301F-11D3-BF4B-00C04F79EFBC}") = "WebApplicationMVC01", "WebApplicationMVC01\WebApplicationMVC01.csproj", "{9865981F-13FD-455B-8B84-CDACD2BDC2E8}"
EndProject
Global
	GlobalSection(SolutionConfigurationPlatforms) = preSolution
		Debug|Any CPU = Debug|Any CPU
		Release|Any CPU = Release|Any CPU
	EndGlobalSection
	GlobalSection(ProjectConfigurationPlatforms) = postSolution
		{B32ABC0C-2F3E-4436-97A3-D6E49A9748DF}.Debug|Any CPU.ActiveCfg = Debug|Any CPU
		{B32ABC0C-2F3E-4436-97A3-D6E49A9748DF}.Debug|Any CPU.Build.0 = Debug|Any CPU
		{B32ABC0C-2F3E-4436-97A3-D6E49A9748DF}.Release|Any CPU.ActiveCfg = Release|Any CPU
		{B32ABC0C-2F3E-4436-97A3-D6E49A9748DF}.Release|Any CPU.Build.0 = Release|Any CPU
		{0EA420CA-CD9B-4208-919A-7F242799EA38}.Debug|Any CPU.ActiveCfg = Debug|Any CPU
		{0EA420CA-CD9B-4208-919A-7F242799EA38}.Debug|Any CPU.Build.0 = Debug|Any CPU
		{0EA420CA-CD9B-4208-919A-7F242799EA38}.Release|Any CPU.ActiveCfg = Release|Any CPU
		{0EA420CA-CD9B-4208-919A-7F242799EA38}.Release|Any CPU.Build.0 = Release|Any CPU
		{3A4C66BB-F420-4140-A8F0-2A3C2323EDC8}.Debug|Any CPU.ActiveCfg = Debug|Any CPU
		{3A4C66BB-F420-4140-A8F0-2A3C2323EDC8}.Debug|Any CPU.Build.0 = Debug|Any CPU
		{3A4C66BB-F420-4140-A8F0-2A3C2323EDC8}.Release|Any CPU.ActiveCfg = Release|Any CPU
		{3A4C66BB-F420-4140-A8F0-2A3C2323EDC8}.Release|Any CPU.Build.0 = Release|Any CPU
		{39E0079D-62FE-400F-9C4F-FABE56B3299D}.Debug|Any CPU.ActiveCfg = Debug|Any CPU
		{39E0079D-62FE-400F-9C4F-FABE56B3299D}.Debug|Any CPU.Build.0 = Debug|Any CPU
		{39E0079D-62FE-400F-9C4F-FABE56B3299D}.Release|Any CPU.ActiveCfg = Release|Any CPU
		{39E0079D-62FE-400F-9C4F-FABE56B3299D}.Release|Any CPU.Build.0 = Release|Any CPU
		{429B11FD-7EAE-4CF3-B76E-E42663392730}.Debug|Any CPU.ActiveCfg = Debug|Any CPU
		{429B11FD-7EAE-4CF3-B76E-E42663392730}.Debug|Any CPU.Build.0 = Debug|Any CPU
		{429B11FD-7EAE-4CF3-B76E-E42663392730}.Release|Any CPU.ActiveCfg = Release|Any CPU
		{429B11FD-7EAE-4CF3-B76E-E42663392730}.Release|Any CPU.Build.0 = Release|Any CPU
		{97DAC113-8EBB-4917-BA0F-205B896D29D1}.Debug|Any CPU.ActiveCfg = Debug|Any CPU
		{97DAC113-8EBB-4917-BA0F-205B896D29D1}.Debug|Any CPU.Build.0 = Debug|Any CPU
		{97DAC113-8EBB-4917-BA0F-205B896D29D1}.Release|Any CPU.ActiveCfg = Release|Any CPU
		{97DAC113-8EBB-4917-BA0F-205B896D29D1}.Release|Any CPU.Build.0 = Release|Any CPU
		{04E47409-54B2-44E9-B838-74D05CD1A215}.Debug|Any CPU.ActiveCfg = Debug|Any CPU
		{04E47409-54B2-44E9-B838-74D05CD1A215}.Debug|Any CPU.Build.0 = Debug|Any CPU
		{04E47409-54B2-44E9-B838-74D05CD1A215}.Release|Any CPU.ActiveCfg = Release|Any CPU
		{04E47409-54B2-44E9-B838-74D05CD1A215}.Release|Any CPU.Build.0 = Release|Any CPU
		{E4E33BD3-8179-4B0D-BFF2-0BEE27274F90}.Debug|Any CPU.ActiveCfg = Debug|Any CPU
		{E4E33BD3-8179-4B0D-BFF2-0BEE27274F90}.Debug|Any CPU.Build.0 = Debug|Any CPU
		{E4E33BD3-8179-4B0D-BFF2-0BEE27274F90}.Release|Any CPU.ActiveCfg = Release|Any CPU
		{E4E33BD3-8179-4B0D-BFF2-0BEE27274F90}.Release|Any CPU.Build.0 = Release|Any CPU
		{2C1F421F-FE51-4DE4-A2FA-63FB6A40EBEB}.Debug|Any CPU.ActiveCfg = Debug|Any CPU
		{2C1F421F-FE51-4DE4-A2FA-63FB6A40EBEB}.Debug|Any CPU.Build.0 = Debug|Any CPU
		{2C1F421F-FE51-4DE4-A2FA-63FB6A40EBEB}.Release|Any CPU.ActiveCfg = Release|Any CPU
		{2C1F421F-FE51-4DE4-A2FA-63FB6A40EBEB}.Release|Any CPU.Build.0 = Release|Any CPU
		{A187FE93-9C4A-4ED9-9E47-C3059DDE7385}.Debug|Any CPU.ActiveCfg = Debug|Any CPU
		{A187FE93-9C4A-4ED9-9E47-C3059DDE7385}.Debug|Any CPU.Build.0 = Debug|Any CPU
		{A187FE93-9C4A-4ED9-9E47-C3059DDE7385}.Release|Any CPU.ActiveCfg = Release|Any CPU
		{A187FE93-9C4A-4ED9-9E47-C3059DDE7385}.Release|Any CPU.Build.0 = Release|Any CPU
		{59030E79-05CD-4358-9356-E3E57CB9EEC8}.Debug|Any CPU.ActiveCfg = Debug|Any CPU
		{59030E79-05CD-4358-9356-E3E57CB9EEC8}.Debug|Any CPU.Build.0 = Debug|Any CPU
		{59030E79-05CD-4358-9356-E3E57CB9EEC8}.Release|Any CPU.ActiveCfg = Release|Any CPU
		{59030E79-05CD-4358-9356-E3E57CB9EEC8}.Release|Any CPU.Build.0 = Release|Any CPU
		{3D2033A4-4F0E-4E0C-8408-B74ABAB1FB93}.Debug|Any CPU.ActiveCfg = Debug|Any CPU
		{3D2033A4-4F0E-4E0C-8408-B74ABAB1FB93}.Debug|Any CPU.Build.0 = Debug|Any CPU
		{3D2033A4-4F0E-4E0C-8408-B74ABAB1FB93}.Release|Any CPU.ActiveCfg = Release|Any CPU
		{3D2033A4-4F0E-4E0C-8408-B74ABAB1FB93}.Release|Any CPU.Build.0 = Release|Any CPU
		{21BCA994-3B86-4F3A-9832-3FE8B73F8300}.Debug|Any CPU.ActiveCfg = Debug|Any CPU
		{21BCA994-3B86-4F3A-9832-3FE8B73F8300}.Debug|Any CPU.Build.0 = Debug|Any CPU
		{21BCA994-3B86-4F3A-9832-3FE8B73F8300}.Release|Any CPU.ActiveCfg = Release|Any CPU
		{21BCA994-3B86-4F3A-9832-3FE8B73F8300}.Release|Any CPU.Build.0 = Release|Any CPU
		{70A0706D-7B4A-46E9-BF63-6A9CC50641A4}.Debug|Any CPU.ActiveCfg = Debug|Any CPU
		{70A0706D-7B4A-46E9-BF63-6A9CC50641A4}.Debug|Any CPU.Build.0 = Debug|Any CPU
		{70A0706D-7B4A-46E9-BF63-6A9CC50641A4}.Release|Any CPU.ActiveCfg = Release|Any CPU
		{70A0706D-7B4A-46E9-BF63-6A9CC50641A4}.Release|Any CPU.Build.0 = Release|Any CPU
		{E8B9C466-BF41-4944-BB19-F424F849CF5D}.Debug|Any CPU.ActiveCfg = Debug|Any CPU
		{E8B9C466-BF41-4944-BB19-F424F849CF5D}.Debug|Any CPU.Build.0 = Debug|Any CPU
		{E8B9C466-BF41-4944-BB19-F424F849CF5D}.Release|Any CPU.ActiveCfg = Release|Any CPU
		{E8B9C466-BF41-4944-BB19-F424F849CF5D}.Release|Any CPU.Build.0 = Release|Any CPU
		{4DFC628C-3104-4AF6-8303-84C2C8300193}.Debug|Any CPU.ActiveCfg = Debug|Any CPU
		{4DFC628C-3104-4AF6-8303-84C2C8300193}.Debug|Any CPU.Build.0 = Debug|Any CPU
		{4DFC628C-3104-4AF6-8303-84C2C8300193}.Release|Any CPU.ActiveCfg = Release|Any CPU
		{4DFC628C-3104-4AF6-8303-84C2C8300193}.Release|Any CPU.Build.0 = Release|Any CPU
		{9865981F-13FD-455B-8B84-CDACD2BDC2E8}.Debug|Any CPU.ActiveCfg = Debug|Any CPU
		{9865981F-13FD-455B-8B84-CDACD2BDC2E8}.Debug|Any CPU.Build.0 = Debug|Any CPU
		{9865981F-13FD-455B-8B84-CDACD2BDC2E8}.Release|Any CPU.ActiveCfg = Release|Any CPU
		{9865981F-13FD-455B-8B84-CDACD2BDC2E8}.Release|Any CPU.Build.0 = Release|Any CPU
	EndGlobalSection
	GlobalSection(SolutionProperties) = preSolution
		HideSolutionNode = FALSE
	EndGlobalSection
	GlobalSection(NestedProjects) = preSolution
		{B32ABC0C-2F3E-4436-97A3-D6E49A9748DF} = {2036CB77-B945-4EA9-A172-7B70EE2EDBC1}
		{0EA420CA-CD9B-4208-919A-7F242799EA38} = {2036CB77-B945-4EA9-A172-7B70EE2EDBC1}
		{3A4C66BB-F420-4140-A8F0-2A3C2323EDC8} = {2036CB77-B945-4EA9-A172-7B70EE2EDBC1}
		{429B11FD-7EAE-4CF3-B76E-E42663392730} = {2036CB77-B945-4EA9-A172-7B70EE2EDBC1}
		{97DAC113-8EBB-4917-BA0F-205B896D29D1} = {2036CB77-B945-4EA9-A172-7B70EE2EDBC1}
		{04E47409-54B2-44E9-B838-74D05CD1A215} = {2036CB77-B945-4EA9-A172-7B70EE2EDBC1}
		{E4E33BD3-8179-4B0D-BFF2-0BEE27274F90} = {2036CB77-B945-4EA9-A172-7B70EE2EDBC1}
		{2C1F421F-FE51-4DE4-A2FA-63FB6A40EBEB} = {2036CB77-B945-4EA9-A172-7B70EE2EDBC1}
		{A187FE93-9C4A-4ED9-9E47-C3059DDE7385} = {2036CB77-B945-4EA9-A172-7B70EE2EDBC1}
		{59030E79-05CD-4358-9356-E3E57CB9EEC8} = {2036CB77-B945-4EA9-A172-7B70EE2EDBC1}
		{3D2033A4-4F0E-4E0C-8408-B74ABAB1FB93} = {2036CB77-B945-4EA9-A172-7B70EE2EDBC1}
		{21BCA994-3B86-4F3A-9832-3FE8B73F8300} = {2036CB77-B945-4EA9-A172-7B70EE2EDBC1}
		{70A0706D-7B4A-46E9-BF63-6A9CC50641A4} = {2036CB77-B945-4EA9-A172-7B70EE2EDBC1}
		{E8B9C466-BF41-4944-BB19-F424F849CF5D} = {2036CB77-B945-4EA9-A172-7B70EE2EDBC1}
		{4DFC628C-3104-4AF6-8303-84C2C8300193} = {2036CB77-B945-4EA9-A172-7B70EE2EDBC1}
		{9865981F-13FD-455B-8B84-CDACD2BDC2E8} = {2036CB77-B945-4EA9-A172-7B70EE2EDBC1}
	EndGlobalSection
EndGlobal
